{
  "name": "assets",
  "lockfileVersion": 3,
  "requires": true,
  "packages": {
    "": {
      "dependencies": {
        "cally": "^0.9.2"
      }
    },
    "node_modules/atomico": {
      "version": "1.79.2",
      "resolved": "https://registry.npmjs.org/atomico/-/atomico-1.79.2.tgz",
      "integrity": "sha512-mshhLRMeIltNYbnQnqgnrvJ/uDa8XDfTQcjw3ymOygQqwHIQ4Sp0LcNYMCbACkV3DtV+eDXb9szwU4qMUuGwYQ==",
      "license": "MIT"
    },
    "node_modules/cally": {
      "version": "0.9.2",
      "resolved": "https://registry.npmjs.org/cally/-/cally-0.9.2.tgz",
      "integrity": "sha512-zY/Ueh+p6O+LKPYqNB13dATgNuazAHS0n3JbtKyUmMoQfRq5mC2/zFI3UV2X3g+2lZn2BBwr1Z+HxyG9Dt/6lw==",
      "license": "MIT",
      "dependencies": {
        "atomico": "^1.79.2"
      }
    }
  }
}
